
Microsoft Visual Studio Solution File, Format Version 12.00
# Visual Studio Version 16
VisualStudioVersion = 16.0.32602.291
MinimumVisualStudioVersion = 10.0.40219.1
Project("{FAE04EC0-301F-11D3-BF4B-00C04F79EFBC}") = "CreditCard.Core", "src\CreditCard.Core\CreditCard.Core.csproj", "{0F4FFBF0-8BFB-4F25-B53E-E700449135D6}"
EndProject
Project("{FAE04EC0-301F-11D3-BF4B-00C04F79EFBC}") = "CreditCardCore.Tests", "src\CreditCardCore.Tests\CreditCardCore.Tests.csproj", "{F1BBC705-5836-47DD-9783-24CBC5159886}"
EndProject
Global
	GlobalSection(SolutionConfigurationPlatforms) = preSolution
		Debug|Any CPU = Debug|Any CPU
		Release|Any CPU = Release|Any CPU
	EndGlobalSection
	GlobalSection(ProjectConfigurationPlatforms) = postSolution
		{0F4FFBF0-8BFB-4F25-B53E-E700449135D6}.Debug|Any CPU.ActiveCfg = Debug|Any CPU
		{0F4FFBF0-8BFB-4F25-B53E-E700449135D6}.Debug|Any CPU.Build.0 = Debug|Any CPU
		{0F4FFBF0-8BFB-4F25-B53E-E700449135D6}.Release|Any CPU.ActiveCfg = Release|Any CPU
		{0F4FFBF0-8BFB-4F25-B53E-E700449135D6}.Release|Any CPU.Build.0 = Release|Any CPU
		{F1BBC705-5836-47DD-9783-24CBC5159886}.Debug|Any CPU.ActiveCfg = Debug|Any CPU
		{F1BBC705-5836-47DD-9783-24CBC5159886}.Debug|Any CPU.Build.0 = Debug|Any CPU
		{F1BBC705-5836-47DD-9783-24CBC5159886}.Release|Any CPU.ActiveCfg = Release|Any CPU
		{F1BBC705-5836-47DD-9783-24CBC5159886}.Release|Any CPU.Build.0 = Release|Any CPU
	EndGlobalSection
	GlobalSection(SolutionProperties) = preSolution
		HideSolutionNode = FALSE
	EndGlobalSection
	GlobalSection(ExtensibilityGlobals) = postSolution
		SolutionGuid = {264EEB50-2B2F-41F2-9353-52EADC81CFAF}
	EndGlobalSection
EndGlobal
